
Microsoft Visual Studio Solution File, Format Version 12.00
# Visual Studio Version 17
VisualStudioVersion = 17.5.002.0
MinimumVisualStudioVersion = 10.0.40219.1
Project("{9A19103F-16F7-4668-BE54-9A1E7A4F7556}") = "API", "API.csproj", "{FCC10C01-187E-4898-87A4-94FA1B21ED01}"
EndProject
Global
	GlobalSection(SolutionConfigurationPlatforms) = preSolution
		Debug|Any CPU = Debug|Any CPU
		Release|Any CPU = Release|Any CPU
	EndGlobalSection
	GlobalSection(ProjectConfigurationPlatforms) = postSolution
		{FCC10C01-187E-4898-87A4-94FA1B21ED01}.Debug|Any CPU.ActiveCfg = Debug|Any CPU
		{FCC10C01-187E-4898-87A4-94FA1B21ED01}.Debug|Any CPU.Build.0 = Debug|Any CPU
		{FCC10C01-187E-4898-87A4-94FA1B21ED01}.Release|Any CPU.ActiveCfg = Release|Any CPU
		{FCC10C01-187E-4898-87A4-94FA1B21ED01}.Release|Any CPU.Build.0 = Release|Any CPU
	EndGlobalSection
	GlobalSection(SolutionProperties) = preSolution
		HideSolutionNode = FALSE
	EndGlobalSection
	GlobalSection(ExtensibilityGlobals) = postSolution
		SolutionGuid = {F4A11334-0E8D-4666-B3D8-752028354871}
	EndGlobalSection
EndGlobal
